{
  "requires": true,
  "lockfileVersion": 1,
  "dependencies": {
    "@types/google-apps-script": {
      "version": "0.0.60",
      "resolved": "https://registry.npmjs.org/@types/google-apps-script/-/google-apps-script-0.0.60.tgz",
      "integrity": "sha512-z91yemyKLgaIf+gtPPuH/5PRWpWu9R0saqogxCdNil4IfaTyM8B4PqmgckvWu7WWw7aoqr4JnRNWj0jE6dncLQ==",
      "dev": true
    }
  }
}
